
Microsoft Visual Studio Solution File, Format Version 12.00
# Visual Studio Version 16
VisualStudioVersion = 16.0.29324.140
MinimumVisualStudioVersion = 10.0.40219.1
Project("{FAE04EC0-301F-11D3-BF4B-00C04F79EFBC}") = "OnlineShopping", "OnlineShopping\OnlineShopping.csproj", "{1E79375A-94EF-469E-957C-93716C5CB9D3}"
EndProject
Project("{FAE04EC0-301F-11D3-BF4B-00C04F79EFBC}") = "OnlineShopping.Data", "OnlineShopping.Data\OnlineShopping.Data.csproj", "{C569AA58-7C39-4B1B-8974-79E74DE35FD6}"
EndProject
Project("{FAE04EC0-301F-11D3-BF4B-00C04F79EFBC}") = "OnlineShopping.Business", "OnlineShopping.Business\OnlineShopping.Business.csproj", "{468BE75B-58EB-4E3E-A340-3A9F94A8E8D3}"
EndProject
Global
	GlobalSection(SolutionConfigurationPlatforms) = preSolution
		Debug|Any CPU = Debug|Any CPU
		Release|Any CPU = Release|Any CPU
	EndGlobalSection
	GlobalSection(ProjectConfigurationPlatforms) = postSolution
		{1E79375A-94EF-469E-957C-93716C5CB9D3}.Debug|Any CPU.ActiveCfg = Debug|Any CPU
		{1E79375A-94EF-469E-957C-93716C5CB9D3}.Debug|Any CPU.Build.0 = Debug|Any CPU
		{1E79375A-94EF-469E-957C-93716C5CB9D3}.Release|Any CPU.ActiveCfg = Release|Any CPU
		{1E79375A-94EF-469E-957C-93716C5CB9D3}.Release|Any CPU.Build.0 = Release|Any CPU
		{C569AA58-7C39-4B1B-8974-79E74DE35FD6}.Debug|Any CPU.ActiveCfg = Debug|Any CPU
		{C569AA58-7C39-4B1B-8974-79E74DE35FD6}.Debug|Any CPU.Build.0 = Debug|Any CPU
		{C569AA58-7C39-4B1B-8974-79E74DE35FD6}.Release|Any CPU.ActiveCfg = Release|Any CPU
		{C569AA58-7C39-4B1B-8974-79E74DE35FD6}.Release|Any CPU.Build.0 = Release|Any CPU
		{468BE75B-58EB-4E3E-A340-3A9F94A8E8D3}.Debug|Any CPU.ActiveCfg = Debug|Any CPU
		{468BE75B-58EB-4E3E-A340-3A9F94A8E8D3}.Debug|Any CPU.Build.0 = Debug|Any CPU
		{468BE75B-58EB-4E3E-A340-3A9F94A8E8D3}.Release|Any CPU.ActiveCfg = Release|Any CPU
		{468BE75B-58EB-4E3E-A340-3A9F94A8E8D3}.Release|Any CPU.Build.0 = Release|Any CPU
	EndGlobalSection
	GlobalSection(SolutionProperties) = preSolution
		HideSolutionNode = FALSE
	EndGlobalSection
	GlobalSection(ExtensibilityGlobals) = postSolution
		SolutionGuid = {926996E0-5175-4B73-96EA-421D2BD4A28E}
	EndGlobalSection
EndGlobal
